
Microsoft Visual Studio Solution File, Format Version 12.00
# Visual Studio Version 16
VisualStudioVersion = 16.0.29519.87
MinimumVisualStudioVersion = 10.0.40219.1
Project("{FAE04EC0-301F-11D3-BF4B-00C04F79EFBC}") = "DungeonGame", "DungeonGame.csproj", "{9C2A9CAB-A776-499E-9791-035C61360709}"
EndProject
Project("{FAE04EC0-301F-11D3-BF4B-00C04F79EFBC}") = "DungeonGameTests", "DungeonGameTests\DungeonGameTests.csproj", "{CA7A09E5-3DA1-4F27-8505-E03DBC9FAEAA}"
EndProject
Global
	GlobalSection(SolutionConfigurationPlatforms) = preSolution
		Debug|Any CPU = Debug|Any CPU
		Release|Any CPU = Release|Any CPU
	EndGlobalSection
	GlobalSection(ProjectConfigurationPlatforms) = postSolution
		{9C2A9CAB-A776-499E-9791-035C61360709}.Debug|Any CPU.ActiveCfg = Debug|Any CPU
		{9C2A9CAB-A776-499E-9791-035C61360709}.Debug|Any CPU.Build.0 = Debug|Any CPU
		{9C2A9CAB-A776-499E-9791-035C61360709}.Release|Any CPU.ActiveCfg = Release|Any CPU
		{9C2A9CAB-A776-499E-9791-035C61360709}.Release|Any CPU.Build.0 = Release|Any CPU
		{CA7A09E5-3DA1-4F27-8505-E03DBC9FAEAA}.Debug|Any CPU.ActiveCfg = Debug|Any CPU
		{CA7A09E5-3DA1-4F27-8505-E03DBC9FAEAA}.Debug|Any CPU.Build.0 = Debug|Any CPU
		{CA7A09E5-3DA1-4F27-8505-E03DBC9FAEAA}.Release|Any CPU.ActiveCfg = Release|Any CPU
		{CA7A09E5-3DA1-4F27-8505-E03DBC9FAEAA}.Release|Any CPU.Build.0 = Release|Any CPU
	EndGlobalSection
	GlobalSection(SolutionProperties) = preSolution
		HideSolutionNode = FALSE
	EndGlobalSection
	GlobalSection(ExtensibilityGlobals) = postSolution
		SolutionGuid = {0ADDC766-E530-4EF6-B78C-2BC153A27556}
	EndGlobalSection
EndGlobal
